Microsoft Visual Studio Solution File, Format Version 12.00
# Visual Studio Version 17
VisualStudioVersion = 17.12.35707.178
MinimumVisualStudioVersion = 10.0.40219.1
Project("{2150E333-8FDC-42A3-9474-1A3956D46DE8}") = "Zen", "Zen", "{55B4DB9C-1F5E-456E-9B83-9A40AD6D86B8}"
EndProject
Project("{2150E333-8FDC-42A3-9474-1A3956D46DE8}") = "Aspire", "Aspire", "{402ABCDD-F6B4-43A7-ACDB-15470B5B2AE5}"
EndProject
Project("{FAE04EC0-301F-11D3-BF4B-00C04F79EFBC}") = "Zen.AppHost", "src\Aspire\Zen.AppHost\Zen.AppHost.csproj", "{8AFB03DF-52F3-48BD-94D7-1A8DBF3F0D63}"
EndProject
Project("{FAE04EC0-301F-11D3-BF4B-00C04F79EFBC}") = "Zen.ServiceDefaults", "src\Aspire\Zen.ServiceDefaults\Zen.ServiceDefaults.csproj", "{C7A066BE-E4E4-4DC3-B511-C5E4D8E0A0E0}"
EndProject
Project("{2150E333-8FDC-42A3-9474-1A3956D46DE8}") = "Services", "Services", "{124FD514-A844-4933-AB03-55B0C0CF0282}"
EndProject
Project("{2150E333-8FDC-42A3-9474-1A3956D46DE8}") = "Sso", "Sso", "{EBB5E66A-CCF6-49FB-A7A4-D0ED1FE38342}"
EndProject
Project("{FAE04EC0-301F-11D3-BF4B-00C04F79EFBC}") = "Zen.Domain", "src\Zen\ZenDomain\Zen.Domain.csproj", "{9F7D3C2D-F52A-463A-AD06-C9F0037A159A}"
EndProject
Project("{FAE04EC0-301F-11D3-BF4B-00C04F79EFBC}") = "Zen.Application", "src\Zen\ZenApplication\Zen.Application.csproj", "{040F8B21-E970-4380-BA1F-E2FCF33385BF}"
EndProject
Project("{FAE04EC0-301F-11D3-BF4B-00C04F79EFBC}") = "Zen.Infrastructure", "src\Zen\ZenInfrastructure\Zen.Infrastructure.csproj", "{6708F790-BC30-46BA-9BB8-1E451C916F02}"
EndProject
Project("{FAE04EC0-301F-11D3-BF4B-00C04F79EFBC}") = "Zen.API", "src\Zen\ZenAPI\Zen.API.csproj", "{4A0DA6D5-C86F-4DEB-8174-CE8E362B3F53}"
EndProject
Project("{2150E333-8FDC-42A3-9474-1A3956D46DE8}") = "src", "src", "{71B63F33-AFC6-471B-97FA-C4D4E7E5F188}"
EndProject
Project("{2150E333-8FDC-42A3-9474-1A3956D46DE8}") = "Coupon", "Coupon", "{B1383EF6-E9B7-47C8-B015-CEE6C7EC1A54}"
EndProject
Project("{FAE04EC0-301F-11D3-BF4B-00C04F79EFBC}") = "Zen.Services.Coupon.Application", "src\Services\Coupon\Zen.Services.Coupon.Application\Zen.Services.Coupon.Application.csproj", "{12E52A62-4917-4A46-B219-B00E91B464BC}"
EndProject
Project("{FAE04EC0-301F-11D3-BF4B-00C04F79EFBC}") = "Zen.Services.Coupon.Domain", "src\Services\Coupon\Zen.Services.Coupon.Domain\Zen.Services.Coupon.Domain.csproj", "{A8E2FBB4-B987-4B3F-B810-3883446042D0}"
EndProject
Project("{FAE04EC0-301F-11D3-BF4B-00C04F79EFBC}") = "Zen.Services.Coupon.Infrastructure", "src\Services\Coupon\Zen.Services.Coupon.Infrastructure\Zen.Services.Coupon.Infrastructure.csproj", "{9517A94D-FCE6-444B-A31F-EF5D8DDADC7D}"
EndProject
Project("{FAE04EC0-301F-11D3-BF4B-00C04F79EFBC}") = "Zen.Services.Coupon.API", "src\Services\Coupon\Zen.Services.Coupon.API\Zen.Services.Coupon.API.csproj", "{63F0C573-BCEC-4E38-947D-FCE1B7FD34B2}"
EndProject
Global
	GlobalSection(SolutionConfigurationPlatforms) = preSolution
		Debug|Any CPU = Debug|Any CPU
		Release|Any CPU = Release|Any CPU
	EndGlobalSection
	GlobalSection(ProjectConfigurationPlatforms) = postSolution
		{8AFB03DF-52F3-48BD-94D7-1A8DBF3F0D63}.Debug|Any CPU.ActiveCfg = Debug|Any CPU
		{8AFB03DF-52F3-48BD-94D7-1A8DBF3F0D63}.Debug|Any CPU.Build.0 = Debug|Any CPU
		{8AFB03DF-52F3-48BD-94D7-1A8DBF3F0D63}.Release|Any CPU.ActiveCfg = Release|Any CPU
		{8AFB03DF-52F3-48BD-94D7-1A8DBF3F0D63}.Release|Any CPU.Build.0 = Release|Any CPU
		{C7A066BE-E4E4-4DC3-B511-C5E4D8E0A0E0}.Debug|Any CPU.ActiveCfg = Debug|Any CPU
		{C7A066BE-E4E4-4DC3-B511-C5E4D8E0A0E0}.Debug|Any CPU.Build.0 = Debug|Any CPU
		{C7A066BE-E4E4-4DC3-B511-C5E4D8E0A0E0}.Release|Any CPU.ActiveCfg = Release|Any CPU
		{C7A066BE-E4E4-4DC3-B511-C5E4D8E0A0E0}.Release|Any CPU.Build.0 = Release|Any CPU
		{9F7D3C2D-F52A-463A-AD06-C9F0037A159A}.Debug|Any CPU.ActiveCfg = Debug|Any CPU
		{9F7D3C2D-F52A-463A-AD06-C9F0037A159A}.Debug|Any CPU.Build.0 = Debug|Any CPU
		{9F7D3C2D-F52A-463A-AD06-C9F0037A159A}.Release|Any CPU.ActiveCfg = Release|Any CPU
		{9F7D3C2D-F52A-463A-AD06-C9F0037A159A}.Release|Any CPU.Build.0 = Release|Any CPU
		{040F8B21-E970-4380-BA1F-E2FCF33385BF}.Debug|Any CPU.ActiveCfg = Debug|Any CPU
		{040F8B21-E970-4380-BA1F-E2FCF33385BF}.Debug|Any CPU.Build.0 = Debug|Any CPU
		{040F8B21-E970-4380-BA1F-E2FCF33385BF}.Release|Any CPU.ActiveCfg = Release|Any CPU
		{040F8B21-E970-4380-BA1F-E2FCF33385BF}.Release|Any CPU.Build.0 = Release|Any CPU
		{6708F790-BC30-46BA-9BB8-1E451C916F02}.Debug|Any CPU.ActiveCfg = Debug|Any CPU
		{6708F790-BC30-46BA-9BB8-1E451C916F02}.Debug|Any CPU.Build.0 = Debug|Any CPU
		{6708F790-BC30-46BA-9BB8-1E451C916F02}.Release|Any CPU.ActiveCfg = Release|Any CPU
		{6708F790-BC30-46BA-9BB8-1E451C916F02}.Release|Any CPU.Build.0 = Release|Any CPU
		{4A0DA6D5-C86F-4DEB-8174-CE8E362B3F53}.Debug|Any CPU.ActiveCfg = Debug|Any CPU
		{4A0DA6D5-C86F-4DEB-8174-CE8E362B3F53}.Debug|Any CPU.Build.0 = Debug|Any CPU
		{4A0DA6D5-C86F-4DEB-8174-CE8E362B3F53}.Release|Any CPU.ActiveCfg = Release|Any CPU
		{4A0DA6D5-C86F-4DEB-8174-CE8E362B3F53}.Release|Any CPU.Build.0 = Release|Any CPU
		{12E52A62-4917-4A46-B219-B00E91B464BC}.Debug|Any CPU.ActiveCfg = Debug|Any CPU
		{12E52A62-4917-4A46-B219-B00E91B464BC}.Debug|Any CPU.Build.0 = Debug|Any CPU
		{12E52A62-4917-4A46-B219-B00E91B464BC}.Release|Any CPU.ActiveCfg = Release|Any CPU
		{12E52A62-4917-4A46-B219-B00E91B464BC}.Release|Any CPU.Build.0 = Release|Any CPU
		{A8E2FBB4-B987-4B3F-B810-3883446042D0}.Debug|Any CPU.ActiveCfg = Debug|Any CPU
		{A8E2FBB4-B987-4B3F-B810-3883446042D0}.Debug|Any CPU.Build.0 = Debug|Any CPU
		{A8E2FBB4-B987-4B3F-B810-3883446042D0}.Release|Any CPU.ActiveCfg = Release|Any CPU
		{A8E2FBB4-B987-4B3F-B810-3883446042D0}.Release|Any CPU.Build.0 = Release|Any CPU
		{9517A94D-FCE6-444B-A31F-EF5D8DDADC7D}.Debug|Any CPU.ActiveCfg = Debug|Any CPU
		{9517A94D-FCE6-444B-A31F-EF5D8DDADC7D}.Debug|Any CPU.Build.0 = Debug|Any CPU
		{9517A94D-FCE6-444B-A31F-EF5D8DDADC7D}.Release|Any CPU.ActiveCfg = Release|Any CPU
		{9517A94D-FCE6-444B-A31F-EF5D8DDADC7D}.Release|Any CPU.Build.0 = Release|Any CPU
		{63F0C573-BCEC-4E38-947D-FCE1B7FD34B2}.Debug|Any CPU.ActiveCfg = Debug|Any CPU
		{63F0C573-BCEC-4E38-947D-FCE1B7FD34B2}.Debug|Any CPU.Build.0 = Debug|Any CPU
		{63F0C573-BCEC-4E38-947D-FCE1B7FD34B2}.Release|Any CPU.ActiveCfg = Release|Any CPU
		{63F0C573-BCEC-4E38-947D-FCE1B7FD34B2}.Release|Any CPU.Build.0 = Release|Any CPU
	EndGlobalSection
	GlobalSection(SolutionProperties) = preSolution
		HideSolutionNode = FALSE
	EndGlobalSection
	GlobalSection(NestedProjects) = preSolution
		{55B4DB9C-1F5E-456E-9B83-9A40AD6D86B8} = {71B63F33-AFC6-471B-97FA-C4D4E7E5F188}
		{402ABCDD-F6B4-43A7-ACDB-15470B5B2AE5} = {71B63F33-AFC6-471B-97FA-C4D4E7E5F188}
		{8AFB03DF-52F3-48BD-94D7-1A8DBF3F0D63} = {402ABCDD-F6B4-43A7-ACDB-15470B5B2AE5}
		{C7A066BE-E4E4-4DC3-B511-C5E4D8E0A0E0} = {402ABCDD-F6B4-43A7-ACDB-15470B5B2AE5}
		{124FD514-A844-4933-AB03-55B0C0CF0282} = {71B63F33-AFC6-471B-97FA-C4D4E7E5F188}
		{EBB5E66A-CCF6-49FB-A7A4-D0ED1FE38342} = {124FD514-A844-4933-AB03-55B0C0CF0282}
		{9F7D3C2D-F52A-463A-AD06-C9F0037A159A} = {55B4DB9C-1F5E-456E-9B83-9A40AD6D86B8}
		{040F8B21-E970-4380-BA1F-E2FCF33385BF} = {55B4DB9C-1F5E-456E-9B83-9A40AD6D86B8}
		{6708F790-BC30-46BA-9BB8-1E451C916F02} = {55B4DB9C-1F5E-456E-9B83-9A40AD6D86B8}
		{4A0DA6D5-C86F-4DEB-8174-CE8E362B3F53} = {55B4DB9C-1F5E-456E-9B83-9A40AD6D86B8}
		{B1383EF6-E9B7-47C8-B015-CEE6C7EC1A54} = {124FD514-A844-4933-AB03-55B0C0CF0282}
		{12E52A62-4917-4A46-B219-B00E91B464BC} = {B1383EF6-E9B7-47C8-B015-CEE6C7EC1A54}
		{A8E2FBB4-B987-4B3F-B810-3883446042D0} = {B1383EF6-E9B7-47C8-B015-CEE6C7EC1A54}
		{9517A94D-FCE6-444B-A31F-EF5D8DDADC7D} = {B1383EF6-E9B7-47C8-B015-CEE6C7EC1A54}
		{63F0C573-BCEC-4E38-947D-FCE1B7FD34B2} = {B1383EF6-E9B7-47C8-B015-CEE6C7EC1A54}
	EndGlobalSection
EndGlobal
